// !$*UTF8*$!
{
	archiveVersion = 1;
	classes = {
	};
	objectVersion = 50;
	objects = {

/* Begin PBXBuildFile section */
		551AAA2C26517A3C00E4290B /* AppDelegate.swift in Sources */ = {isa = PBXBuildFile; fileRef = 551AAA2B26517A3C00E4290B /* AppDelegate.swift */; };
		551AAA2E26517A3C00E4290B /* SceneDelegate.swift in Sources */ = {isa = PBXBuildFile; fileRef = 551AAA2D26517A3C00E4290B /* SceneDelegate.swift */; };
		551AAA3026517A3C00E4290B /* ViewController.swift in Sources */ = {isa = PBXBuildFile; fileRef = 551AAA2F26517A3C00E4290B /* ViewController.swift */; };
		551AAA3326517A3C00E4290B /* Main.storyboard in Resources */ = {isa = PBXBuildFile; fileRef = 551AAA3126517A3C00E4290B /* Main.storyboard */; };
		551AAA3526517A3E00E4290B /* Assets.xcassets in Resources */ = {isa = PBXBuildFile; fileRef = 551AAA3426517A3E00E4290B /* Assets.xcassets */; };
		551AAA3826517A3E00E4290B /* LaunchScreen.storyboard in Resources */ = {isa = PBXBuildFile; fileRef = 551AAA3626517A3E00E4290B /* LaunchScreen.storyboard */; };
		551AAA4326517AA900E4290B /* LoginViewController.swift in Sources */ = {isa = PBXBuildFile; fileRef = 551AAA4126517AA900E4290B /* LoginViewController.swift */; };
		551AAA4426517AA900E4290B /* LoginViewController.xib in Resources */ = {isa = PBXBuildFile; fileRef = 551AAA4226517AA900E4290B /* LoginViewController.xib */; };
		551AAA4A26517AE400E4290B /* HomeViewController.swift in Sources */ = {isa = PBXBuildFile; fileRef = 551AAA4826517AE400E4290B /* HomeViewController.swift */; };
		551AAA4B26517AE400E4290B /* HomeViewController.xib in Resources */ = {isa = PBXBuildFile; fileRef = 551AAA4926517AE400E4290B /* HomeViewController.xib */; };
		551AAA5026517AF300E4290B /* ProfileViewController.swift in Sources */ = {isa = PBXBuildFile; fileRef = 551AAA4E26517AF300E4290B /* ProfileViewController.swift */; };
		551AAA5126517AF300E4290B /* ProfileViewController.xib in Resources */ = {isa = PBXBuildFile; fileRef = 551AAA4F26517AF300E4290B /* ProfileViewController.xib */; };
		551AAA5426517C1700E4290B /* Helper.swift in Sources */ = {isa = PBXBuildFile; fileRef = 551AAA5326517C1700E4290B /* Helper.swift */; };
		551AAA6F26517F4000E4290B /* LeadingViewController.swift in Sources */ = {isa = PBXBuildFile; fileRef = 551AAA6D26517F4000E4290B /* LeadingViewController.swift */; };
		551AAA7026517F4000E4290B /* LeadingViewController.xib in Resources */ = {isa = PBXBuildFile; fileRef = 551AAA6E26517F4000E4290B /* LeadingViewController.xib */; };
/* End PBXBuildFile section */

/* Begin PBXFileReference section */
		551AAA2826517A3C00E4290B /* AppFlowExample.app */ = {isa = PBXFileReference; explicitFileType = wrapper.application; includeInIndex = 0; path = AppFlowExample.app; sourceTree = BUILT_PRODUCTS_DIR; };
		551AAA2B26517A3C00E4290B /* AppDelegate.swift */ = {isa = PBXFileReference; lastKnownFileType = sourcecode.swift; path = AppDelegate.swift; sourceTree = "<group>"; };
		551AAA2D26517A3C00E4290B /* SceneDelegate.swift */ = {isa = PBXFileReference; lastKnownFileType = sourcecode.swift; path = SceneDelegate.swift; sourceTree = "<group>"; };
		551AAA2F26517A3C00E4290B /* ViewController.swift */ = {isa = PBXFileReference; lastKnownFileType = sourcecode.swift; path = ViewController.swift; sourceTree = "<group>"; };
		551AAA3226517A3C00E4290B /* Base */ = {isa = PBXFileReference; lastKnownFileType = file.storyboard; name = Base; path = Base.lproj/Main.storyboard; sourceTree = "<group>"; };
		551AAA3426517A3E00E4290B /* Assets.xcassets */ = {isa = PBXFileReference; lastKnownFileType = folder.assetcatalog; path = Assets.xcassets; sourceTree = "<group>"; };
		551AAA3726517A3E00E4290B /* Base */ = {isa = PBXFileReference; lastKnownFileType = file.storyboard; name = Base; path = Base.lproj/LaunchScreen.storyboard; sourceTree = "<group>"; };
		551AAA3926517A3E00E4290B /* Info.plist */ = {isa = PBXFileReference; lastKnownFileType = text.plist.xml; path = Info.plist; sourceTree = "<group>"; };
		551AAA4126517AA900E4290B /* LoginViewController.swift */ = {isa = PBXFileReference; lastKnownFileType = sourcecode.swift; path = LoginViewController.swift; sourceTree = "<group>"; };
		551AAA4226517AA900E4290B /* LoginViewController.xib */ = {isa = PBXFileReference; lastKnownFileType = file.xib; path = LoginViewController.xib; sourceTree = "<group>"; };
		551AAA4826517AE400E4290B /* HomeViewController.swift */ = {isa = PBXFileReference; lastKnownFileType = sourcecode.swift; path = HomeViewController.swift; sourceTree = "<group>"; };
		551AAA4926517AE400E4290B /* HomeViewController.xib */ = {isa = PBXFileReference; lastKnownFileType = file.xib; path = HomeViewController.xib; sourceTree = "<group>"; };
		551AAA4E26517AF300E4290B /* ProfileViewController.swift */ = {isa = PBXFileReference; lastKnownFileType = sourcecode.swift; path = ProfileViewController.swift; sourceTree = "<group>"; };
		551AAA4F26517AF300E4290B /* ProfileViewController.xib */ = {isa = PBXFileReference; lastKnownFileType = file.xib; path = ProfileViewController.xib; sourceTree = "<group>"; };
		551AAA5326517C1700E4290B /* Helper.swift */ = {isa = PBXFileReference; lastKnownFileType = sourcecode.swift; path = Helper.swift; sourceTree = "<group>"; };
		551AAA6D26517F4000E4290B /* LeadingViewController.swift */ = {isa = PBXFileReference; lastKnownFileType = sourcecode.swift; path = LeadingViewController.swift; sourceTree = "<group>"; };
		551AAA6E26517F4000E4290B /* LeadingViewController.xib */ = {isa = PBXFileReference; lastKnownFileType = file.xib; path = LeadingViewController.xib; sourceTree = "<group>"; };
/* End PBXFileReference section */

/* Begin PBXFrameworksBuildPhase section */
		551AAA2526517A3C00E4290B /* Frameworks */ = {
			isa = PBXFrameworksBuildPhase;
			buildActionMask = 2147483647;
			files = (
			);
			runOnlyForDeploymentPostprocessing = 0;
		};
/* End PBXFrameworksBuildPhase section */

/* Begin PBXGroup section */
		551AAA1F26517A3C00E4290B = {
			isa = PBXGroup;
			children = (
				551AAA2A26517A3C00E4290B /* AppFlowExample */,
				551AAA2926517A3C00E4290B /* Products */,
			);
			sourceTree = "<group>";
		};
		551AAA2926517A3C00E4290B /* Products */ = {
			isa = PBXGroup;
			children = (
				551AAA2826517A3C00E4290B /* AppFlowExample.app */,
			);
			name = Products;
			sourceTree = "<group>";
		};
		551AAA2A26517A3C00E4290B /* AppFlowExample */ = {
			isa = PBXGroup;
			children = (
				551AAA2B26517A3C00E4290B /* AppDelegate.swift */,
				551AAA2D26517A3C00E4290B /* SceneDelegate.swift */,
				551AAA2F26517A3C00E4290B /* ViewController.swift */,
				551AAA3126517A3C00E4290B /* Main.storyboard */,
				551AAA4026517A9C00E4290B /* Controllers */,
				551AAA3426517A3E00E4290B /* Assets.xcassets */,
				551AAA3626517A3E00E4290B /* LaunchScreen.storyboard */,
				551AAA3926517A3E00E4290B /* Info.plist */,
			);
			path = AppFlowExample;
			sourceTree = "<group>";
		};
		551AAA4026517A9C00E4290B /* Controllers */ = {
			isa = PBXGroup;
			children = (
				551AAA4126517AA900E4290B /* LoginViewController.swift */,
				551AAA4226517AA900E4290B /* LoginViewController.xib */,
				551AAA4726517AB900E4290B /* Tab bar */,
			);
			path = Controllers;
			sourceTree = SOURCE_ROOT;
		};
		551AAA4726517AB900E4290B /* Tab bar */ = {
			isa = PBXGroup;
			children = (
				551AAA4826517AE400E4290B /* HomeViewController.swift */,
				551AAA4926517AE400E4290B /* HomeViewController.xib */,
				551AAA4E26517AF300E4290B /* ProfileViewController.swift */,
				551AAA4F26517AF300E4290B /* ProfileViewController.xib */,
				551AAA5326517C1700E4290B /* Helper.swift */,
				551AAA6D26517F4000E4290B /* LeadingViewController.swift */,
				551AAA6E26517F4000E4290B /* LeadingViewController.xib */,
			);
			path = "Tab bar";
			sourceTree = "<group>";
		};
/* End PBXGroup section */

/* Begin PBXNativeTarget section */
		551AAA2726517A3C00E4290B /* AppFlowExample */ = {
			isa = PBXNativeTarget;
			buildConfigurationList = 551AAA3C26517A3E00E4290B /* Build configuration list for PBXNativeTarget "AppFlowExample" */;
			buildPhases = (
				551AAA2426517A3C00E4290B /* Sources */,
				551AAA2526517A3C00E4290B /* Frameworks */,
				551AAA2626517A3C00E4290B /* Resources */,
			);
			buildRules = (
			);
			dependencies = (
			);
			name = AppFlowExample;
			productName = AppFlowExample;
			productReference = 551AAA2826517A3C00E4290B /* AppFlowExample.app */;
			productType = "com.apple.product-type.application";
		};
/* End PBXNativeTarget section */

/* Begin PBXProject section */
		551AAA2026517A3C00E4290B /* Project object */ = {
			isa = PBXProject;
			attributes = {
				LastSwiftUpdateCheck = 1200;
				LastUpgradeCheck = 1200;
				TargetAttributes = {
					551AAA2726517A3C00E4290B = {
						CreatedOnToolsVersion = 12.0;
					};
				};
			};
			buildConfigurationList = 551AAA2326517A3C00E4290B /* Build configuration list for PBXProject "AppFlowExample" */;
			compatibilityVersion = "Xcode 9.3";
			developmentRegion = en;
			hasScannedForEncodings = 0;
			knownRegions = (
				en,
				Base,
			);
			mainGroup = 551AAA1F26517A3C00E4290B;
			productRefGroup = 551AAA2926517A3C00E4290B /* Products */;
			projectDirPath = "";
			projectRoot = "";
			targets = (
				551AAA2726517A3C00E4290B /* AppFlowExample */,
			);
		};
/* End PBXProject section */

/* Begin PBXResourcesBuildPhase section */
		551AAA2626517A3C00E4290B /* Resources */ = {
			isa = PBXResourcesBuildPhase;
			buildActionMask = 2147483647;
			files = (
				551AAA5126517AF300E4290B /* ProfileViewController.xib in Resources */,
				551AAA4426517AA900E4290B /* LoginViewController.xib in Resources */,
				551AAA7026517F4000E4290B /* LeadingViewController.xib in Resources */,
				551AAA3826517A3E00E4290B /* LaunchScreen.storyboard in Resources */,
				551AAA4B26517AE400E4290B /* HomeViewController.xib in Resources */,
				551AAA3526517A3E00E4290B /* Assets.xcassets in Resources */,
				551AAA3326517A3C00E4290B /* Main.storyboard in Resources */,
			);
			runOnlyForDeploymentPostprocessing = 0;
		};
/* End PBXResourcesBuildPhase section */

/* Begin PBXSourcesBuildPhase section */
		551AAA2426517A3C00E4290B /* Sources */ = {
			isa = PBXSourcesBuildPhase;
			buildActionMask = 2147483647;
			files = (
				551AAA5026517AF300E4290B /* ProfileViewController.swift in Sources */,
				551AAA6F26517F4000E4290B /* LeadingViewController.swift in Sources */,
				551AAA5426517C1700E4290B /* Helper.swift in Sources */,
				551AAA4A26517AE400E4290B /* HomeViewController.swift in Sources */,
				551AAA4326517AA900E4290B /* LoginViewController.swift in Sources */,
				551AAA3026517A3C00E4290B /* ViewController.swift in Sources */,
				551AAA2C26517A3C00E4290B /* AppDelegate.swift in Sources */,
				551AAA2E26517A3C00E4290B /* SceneDelegate.swift in Sources */,
			);
			runOnlyForDeploymentPostprocessing = 0;
		};
/* End PBXSourcesBuildPhase section */

/* Begin PBXVariantGroup section */
		551AAA3126517A3C00E4290B /* Main.storyboard */ = {
			isa = PBXVariantGroup;
			children = (
				551AAA3226517A3C00E4290B /* Base */,
			);
			name = Main.storyboard;
			sourceTree = "<group>";
		};
		551AAA3626517A3E00E4290B /* LaunchScreen.storyboard */ = {
			isa = PBXVariantGroup;
			children = (
				551AAA3726517A3E00E4290B /* Base */,
			);
			name = LaunchScreen.storyboard;
			sourceTree = "<group>";
		};
/* End PBXVariantGroup section */

/* Begin XCBuildConfiguration section */
		551AAA3A26517A3E00E4290B /* Debug */ = {
			isa = XCBuildConfiguration;
			buildSettings = {
				ALWAYS_SEARCH_USER_PATHS = NO;
				CLANG_ANALYZER_NONNULL = YES;
				CLANG_ANALYZER_NUMBER_OBJECT_CONVERSION = YES_AGGRESSIVE;
				CLANG_CXX_LANGUAGE_STANDARD = "gnu++14";
				CLANG_CXX_LIBRARY = "libc++";
				CLANG_ENABLE_MODULES = YES;
				CLANG_ENABLE_OBJC_ARC = YES;
				CLANG_ENABLE_OBJC_WEAK = YES;
				CLANG_WARN_BLOCK_CAPTURE_AUTORELEASING = YES;
				CLANG_WARN_BOOL_CONVERSION = YES;
				CLANG_WARN_COMMA = YES;
				CLANG_WARN_CONSTANT_CONVERSION = YES;
				CLANG_WARN_DEPRECATED_OBJC_IMPLEMENTATIONS = YES;
				CLANG_WARN_DIRECT_OBJC_ISA_USAGE = YES_ERROR;
				CLANG_WARN_DOCUMENTATION_COMMENTS = YES;
				CLANG_WARN_EMPTY_BODY = YES;
				CLANG_WARN_ENUM_CONVERSION = YES;
				CLANG_WARN_INFINITE_RECURSION = YES;
				CLANG_WARN_INT_CONVERSION = YES;
				CLANG_WARN_NON_LITERAL_NULL_CONVERSION = YES;
				CLANG_WARN_OBJC_IMPLICIT_RETAIN_SELF = YES;
				CLANG_WARN_OBJC_LITERAL_CONVERSION = YES;
				CLANG_WARN_OBJC_ROOT_CLASS = YES_ERROR;
				CLANG_WARN_QUOTED_INCLUDE_IN_FRAMEWORK_HEADER = YES;
				CLANG_WARN_RANGE_LOOP_ANALYSIS = YES;
				CLANG_WARN_STRICT_PROTOTYPES = YES;
				CLANG_WARN_SUSPICIOUS_MOVE = YES;
				CLANG_WARN_UNGUARDED_AVAILABILITY = YES_AGGRESSIVE;
				CLANG_WARN_UNREACHABLE_CODE = YES;
				CLANG_WARN__DUPLICATE_METHOD_MATCH = YES;
				COPY_PHASE_STRIP = NO;
				DEBUG_INFORMATION_FORMAT = dwarf;
				ENABLE_STRICT_OBJC_MSGSEND = YES;
				ENABLE_TESTABILITY = YES;
				GCC_C_LANGUAGE_STANDARD = gnu11;
				GCC_DYNAMIC_NO_PIC = NO;
				GCC_NO_COMMON_BLOCKS = YES;
				GCC_OPTIMIZATION_LEVEL = 0;
				GCC_PREPROCESSOR_DEFINITIONS = (
					"DEBUG=1",
					"$(inherited)",
				);
				GCC_WARN_64_TO_32_BIT_CONVERSION = YES;
				GCC_WARN_ABOUT_RETURN_TYPE = YES_ERROR;
				GCC_WARN_UNDECLARED_SELECTOR = YES;
				GCC_WARN_UNINITIALIZED_AUTOS = YES_AGGRESSIVE;
				GCC_WARN_UNUSED_FUNCTION = YES;
				GCC_WARN_UNUSED_VARIABLE = YES;
				IPHONEOS_DEPLOYMENT_TARGET = 14.0;
				MTL_ENABLE_DEBUG_INFO = INCLUDE_SOURCE;
				MTL_FAST_MATH = YES;
				ONLY_ACTIVE_ARCH = YES;
				SDKROOT = iphoneos;
				SWIFT_ACTIVE_COMPILATION_CONDITIONS = DEBUG;
				SWIFT_OPTIMIZATION_LEVEL = "-Onone";
			};
			name = Debug;
		};
		551AAA3B26517A3E00E4290B /* Release */ = {
			isa = XCBuildConfiguration;
			buildSettings = {
				ALWAYS_SEARCH_USER_PATHS = NO;
				CLANG_ANALYZER_NONNULL = YES;
				CLANG_ANALYZER_NUMBER_OBJECT_CONVERSION = YES_AGGRESSIVE;
				CLANG_CXX_LANGUAGE_STANDARD = "gnu++14";
				CLANG_CXX_LIBRARY = "libc++";
				CLANG_ENABLE_MODULES = YES;
				CLANG_ENABLE_OBJC_ARC = YES;
				CLANG_ENABLE_OBJC_WEAK = YES;
				CLANG_WARN_BLOCK_CAPTURE_AUTORELEASING = YES;
				CLANG_WARN_BOOL_CONVERSION = YES;
				CLANG_WARN_COMMA = YES;
				CLANG_WARN_CONSTANT_CONVERSION = YES;
				CLANG_WARN_DEPRECATED_OBJC_IMPLEMENTATIONS = YES;
				CLANG_WARN_DIRECT_OBJC_ISA_USAGE = YES_ERROR;
				CLANG_WARN_DOCUMENTATION_COMMENTS = YES;
				CLANG_WARN_EMPTY_BODY = YES;
				CLANG_WARN_ENUM_CONVERSION = YES;
				CLANG_WARN_INFINITE_RECURSION = YES;
				CLANG_WARN_INT_CONVERSION = YES;
				CLANG_WARN_NON_LITERAL_NULL_CONVERSION = YES;
				CLANG_WARN_OBJC_IMPLICIT_RETAIN_SELF = YES;
				CLANG_WARN_OBJC_LITERAL_CONVERSION = YES;
				CLANG_WARN_OBJC_ROOT_CLASS = YES_ERROR;
				CLANG_WARN_QUOTED_INCLUDE_IN_FRAMEWORK_HEADER = YES;
				CLANG_WARN_RANGE_LOOP_ANALYSIS = YES;
				CLANG_WARN_STRICT_PROTOTYPES = YES;
				CLANG_WARN_SUSPICIOUS_MOVE = YES;
				CLANG_WARN_UNGUARDED_AVAILABILITY = YES_AGGRESSIVE;
				CLANG_WARN_UNREACHABLE_CODE = YES;
				CLANG_WARN__DUPLICATE_METHOD_MATCH = YES;
				COPY_PHASE_STRIP = NO;
				DEBUG_INFORMATION_FORMAT = "dwarf-with-dsym";
				ENABLE_NS_ASSERTIONS = NO;
				ENABLE_STRICT_OBJC_MSGSEND = YES;
				GCC_C_LANGUAGE_STANDARD = gnu11;
				GCC_NO_COMMON_BLOCKS = YES;
				GCC_WARN_64_TO_32_BIT_CONVERSION = YES;
				GCC_WARN_ABOUT_RETURN_TYPE = YES_ERROR;
				GCC_WARN_UNDECLARED_SELECTOR = YES;
				GCC_WARN_UNINITIALIZED_AUTOS = YES_AGGRESSIVE;
				GCC_WARN_UNUSED_FUNCTION = YES;
				GCC_WARN_UNUSED_VARIABLE = YES;
				IPHONEOS_DEPLOYMENT_TARGET = 14.0;
				MTL_ENABLE_DEBUG_INFO = NO;
				MTL_FAST_MATH = YES;
				SDKROOT = iphoneos;
				SWIFT_COMPILATION_MODE = wholemodule;
				SWIFT_OPTIMIZATION_LEVEL = "-O";
				VALIDATE_PRODUCT = YES;
			};
			name = Release;
		};
		551AAA3D26517A3E00E4290B /* Debug */ = {
			isa = XCBuildConfiguration;
			buildSettings = {
				ASSETCATALOG_COMPILER_APPICON_NAME = AppIcon;
				ASSETCATALOG_COMPILER_GLOBAL_ACCENT_COLOR_NAME = AccentColor;
				CODE_SIGN_STYLE = Automatic;
				INFOPLIST_FILE = AppFlowExample/Info.plist;
				LD_RUNPATH_SEARCH_PATHS = (
					"$(inherited)",
					"@executable_path/Frameworks",
				);
				PRODUCT_BUNDLE_IDENTIFIER = vaibhavsharma.AppFlowExample;
				PRODUCT_NAME = "$(TARGET_NAME)";
				SWIFT_VERSION = 5.0;
				TARGETED_DEVICE_FAMILY = "1,2";
			};
			name = Debug;
		};
		551AAA3E26517A3E00E4290B /* Release */ = {
			isa = XCBuildConfiguration;
			buildSettings = {
				ASSETCATALOG_COMPILER_APPICON_NAME = AppIcon;
				ASSETCATALOG_COMPILER_GLOBAL_ACCENT_COLOR_NAME = AccentColor;
				CODE_SIGN_STYLE = Automatic;
				INFOPLIST_FILE = AppFlowExample/Info.plist;
				LD_RUNPATH_SEARCH_PATHS = (
					"$(inherited)",
					"@executable_path/Frameworks",
				);
				PRODUCT_BUNDLE_IDENTIFIER = vaibhavsharma.AppFlowExample;
				PRODUCT_NAME = "$(TARGET_NAME)";
				SWIFT_VERSION = 5.0;
				TARGETED_DEVICE_FAMILY = "1,2";
			};
			name = Release;
		};
/* End XCBuildConfiguration section */

/* Begin XCConfigurationList section */
		551AAA2326517A3C00E4290B /* Build configuration list for PBXProject "AppFlowExample" */ = {
			isa = XCConfigurationList;
			buildConfigurations = (
				551AAA3A26517A3E00E4290B /* Debug */,
				551AAA3B26517A3E00E4290B /* Release */,
			);
			defaultConfigurationIsVisible = 0;
			defaultConfigurationName = Release;
		};
		551AAA3C26517A3E00E4290B /* Build configuration list for PBXNativeTarget "AppFlowExample" */ = {
			isa = XCConfigurationList;
			buildConfigurations = (
				551AAA3D26517A3E00E4290B /* Debug */,
				551AAA3E26517A3E00E4290B /* Release */,
			);
			defaultConfigurationIsVisible = 0;
			defaultConfigurationName = Release;
		};
/* End XCConfigurationList section */
	};
	rootObject = 551AAA2026517A3C00E4290B /* Project object */;
}
